
Microsoft Visual Studio Solution File, Format Version 12.00
# Visual Studio Version 17
VisualStudioVersion = 17.14.36518.9 d17.14
MinimumVisualStudioVersion = 10.0.40219.1
Project("{FAE04EC0-301F-11D3-BF4B-00C04F79EFBC}") = "HelperMethods", "HelperMethods\HelperMethods.csproj", "{BAE918B7-A5F6-4444-8444-24EE7B78DCEB}"
EndProject
Global
	GlobalSection(SolutionConfigurationPlatforms) = preSolution
		Debug|Any CPU = Debug|Any CPU
		Release|Any CPU = Release|Any CPU
	EndGlobalSection
	GlobalSection(ProjectConfigurationPlatforms) = postSolution
		{BAE918B7-A5F6-4444-8444-24EE7B78DCEB}.Debug|Any CPU.ActiveCfg = Debug|Any CPU
		{BAE918B7-A5F6-4444-8444-24EE7B78DCEB}.Debug|Any CPU.Build.0 = Debug|Any CPU
		{BAE918B7-A5F6-4444-8444-24EE7B78DCEB}.Release|Any CPU.ActiveCfg = Release|Any CPU
		{BAE918B7-A5F6-4444-8444-24EE7B78DCEB}.Release|Any CPU.Build.0 = Release|Any CPU
	EndGlobalSection
	GlobalSection(SolutionProperties) = preSolution
		HideSolutionNode = FALSE
	EndGlobalSection
	GlobalSection(ExtensibilityGlobals) = postSolution
		SolutionGuid = {4DA02D71-C7EF-470B-B35C-50796D6C36CF}
	EndGlobalSection
EndGlobal
